// !$*UTF8*$!
{
	archiveVersion = 1;
	classes = {
	};
	objectVersion = 56;
	objects = {

/* Begin PBXBuildFile section */
		E41B98322A91C0B900E3544A /* ChatViewController+Keyboard.swift in Sources */ = {isa = PBXBuildFile; fileRef = E41B98312A91C0B900E3544A /* ChatViewController+Keyboard.swift */; };
		E41B98342A91C71F00E3544A /* ChatViewController+Attachment.swift in Sources */ = {isa = PBXBuildFile; fileRef = E41B98332A91C71F00E3544A /* ChatViewController+Attachment.swift */; };
		E41B98362A91C74E00E3544A /* ChatAddAttachmentButton.swift in Sources */ = {isa = PBXBuildFile; fileRef = E41B98352A91C74E00E3544A /* ChatAddAttachmentButton.swift */; };
		E41B98382A91C7FD00E3544A /* ChatSendButton.swift in Sources */ = {isa = PBXBuildFile; fileRef = E41B98372A91C7FD00E3544A /* ChatSendButton.swift */; };
		E41B983A2A925FF500E3544A /* DatabaseManager+Stickers.swift in Sources */ = {isa = PBXBuildFile; fileRef = E41B98392A925FF500E3544A /* DatabaseManager+Stickers.swift */; };
		E41B983C2A9264F600E3544A /* CacheManager.swift in Sources */ = {isa = PBXBuildFile; fileRef = E41B983B2A9264F600E3544A /* CacheManager.swift */; };
		E41D2B1F2A8FD3AA004C917D /* AppDelegate.swift in Sources */ = {isa = PBXBuildFile; fileRef = E41D2B1E2A8FD3AA004C917D /* AppDelegate.swift */; };
		E41D2B212A8FD3AA004C917D /* SceneDelegate.swift in Sources */ = {isa = PBXBuildFile; fileRef = E41D2B202A8FD3AA004C917D /* SceneDelegate.swift */; };
		E41D2B282A8FD3AB004C917D /* Assets.xcassets in Resources */ = {isa = PBXBuildFile; fileRef = E41D2B272A8FD3AB004C917D /* Assets.xcassets */; };
		E41D2B2B2A8FD3AB004C917D /* LaunchScreen.storyboard in Resources */ = {isa = PBXBuildFile; fileRef = E41D2B292A8FD3AB004C917D /* LaunchScreen.storyboard */; };
		E41D2B542A8FD419004C917D /* AppCoordinator.swift in Sources */ = {isa = PBXBuildFile; fileRef = E41D2B342A8FD419004C917D /* AppCoordinator.swift */; };
		E41D2B552A8FD419004C917D /* Coordinator.swift in Sources */ = {isa = PBXBuildFile; fileRef = E41D2B352A8FD419004C917D /* Coordinator.swift */; };
		E41D2B562A8FD419004C917D /* IconButton.swift in Sources */ = {isa = PBXBuildFile; fileRef = E41D2B382A8FD419004C917D /* IconButton.swift */; };
		E41D2B572A8FD419004C917D /* RoundButton.swift in Sources */ = {isa = PBXBuildFile; fileRef = E41D2B392A8FD419004C917D /* RoundButton.swift */; };
		E41D2B582A8FD419004C917D /* CircleView.swift in Sources */ = {isa = PBXBuildFile; fileRef = E41D2B3A2A8FD419004C917D /* CircleView.swift */; };
		E41D2B592A8FD419004C917D /* TextButton.swift in Sources */ = {isa = PBXBuildFile; fileRef = E41D2B3B2A8FD419004C917D /* TextButton.swift */; };
		E41D2B5A2A8FD419004C917D /* BaseCell.swift in Sources */ = {isa = PBXBuildFile; fileRef = E41D2B3E2A8FD419004C917D /* BaseCell.swift */; };
		E41D2B5B2A8FD419004C917D /* ErrorHandler.swift in Sources */ = {isa = PBXBuildFile; fileRef = E41D2B402A8FD419004C917D /* ErrorHandler.swift */; };
		E41D2B5C2A8FD419004C917D /* Constants.swift in Sources */ = {isa = PBXBuildFile; fileRef = E41D2B422A8FD419004C917D /* Constants.swift */; };
		E41D2B5D2A8FD419004C917D /* DateFormat.swift in Sources */ = {isa = PBXBuildFile; fileRef = E41D2B432A8FD419004C917D /* DateFormat.swift */; };
		E41D2B5E2A8FD419004C917D /* UIFont+Theme.swift in Sources */ = {isa = PBXBuildFile; fileRef = E41D2B442A8FD419004C917D /* UIFont+Theme.swift */; };
		E41D2B5F2A8FD419004C917D /* Icons.swift in Sources */ = {isa = PBXBuildFile; fileRef = E41D2B452A8FD419004C917D /* Icons.swift */; };
		E41D2B602A8FD419004C917D /* YearMonth.swift in Sources */ = {isa = PBXBuildFile; fileRef = E41D2B462A8FD419004C917D /* YearMonth.swift */; };
		E41D2B612A8FD419004C917D /* YearMonthDay.swift in Sources */ = {isa = PBXBuildFile; fileRef = E41D2B472A8FD419004C917D /* YearMonthDay.swift */; };
		E41D2B622A8FD419004C917D /* Enum.swift in Sources */ = {isa = PBXBuildFile; fileRef = E41D2B482A8FD419004C917D /* Enum.swift */; };
		E41D2B632A8FD419004C917D /* ViewController.swift in Sources */ = {isa = PBXBuildFile; fileRef = E41D2B4A2A8FD419004C917D /* ViewController.swift */; };
		E41D2B642A8FD419004C917D /* UIViewController+Extensions.swift in Sources */ = {isa = PBXBuildFile; fileRef = E41D2B4B2A8FD419004C917D /* UIViewController+Extensions.swift */; };
		E41D2B652A8FD419004C917D /* UIImageView+loadImageUsingURL.swift in Sources */ = {isa = PBXBuildFile; fileRef = E41D2B4C2A8FD419004C917D /* UIImageView+loadImageUsingURL.swift */; };
		E41D2B662A8FD419004C917D /* UIView+Extensions.swift in Sources */ = {isa = PBXBuildFile; fileRef = E41D2B4D2A8FD419004C917D /* UIView+Extensions.swift */; };
		E41D2B672A8FD419004C917D /* String+Extensions.swift in Sources */ = {isa = PBXBuildFile; fileRef = E41D2B4E2A8FD419004C917D /* String+Extensions.swift */; };
		E41D2B682A8FD419004C917D /* UIColor+Extensions.swift in Sources */ = {isa = PBXBuildFile; fileRef = E41D2B4F2A8FD419004C917D /* UIColor+Extensions.swift */; };
		E41D2B692A8FD419004C917D /* UIStack+RemoveAll.swift in Sources */ = {isa = PBXBuildFile; fileRef = E41D2B502A8FD419004C917D /* UIStack+RemoveAll.swift */; };
		E41D2B6A2A8FD419004C917D /* UINavigationController+Extensions.swift in Sources */ = {isa = PBXBuildFile; fileRef = E41D2B512A8FD419004C917D /* UINavigationController+Extensions.swift */; };
		E41D2B6B2A8FD419004C917D /* UUID+Extensions.swift in Sources */ = {isa = PBXBuildFile; fileRef = E41D2B522A8FD419004C917D /* UUID+Extensions.swift */; };
		E41D2B6C2A8FD419004C917D /* Date+Extensions.swift in Sources */ = {isa = PBXBuildFile; fileRef = E41D2B532A8FD419004C917D /* Date+Extensions.swift */; };
		E41D2B842A8FD41E004C917D /* ProfileViewModel.swift in Sources */ = {isa = PBXBuildFile; fileRef = E41D2B702A8FD41E004C917D /* ProfileViewModel.swift */; };
		E41D2B852A8FD41E004C917D /* ProfileViewController.swift in Sources */ = {isa = PBXBuildFile; fileRef = E41D2B722A8FD41E004C917D /* ProfileViewController.swift */; };
		E41D2B862A8FD41E004C917D /* HomeViewModel.swift in Sources */ = {isa = PBXBuildFile; fileRef = E41D2B752A8FD41E004C917D /* HomeViewModel.swift */; };
		E41D2B872A8FD41E004C917D /* HomeViewController.swift in Sources */ = {isa = PBXBuildFile; fileRef = E41D2B772A8FD41E004C917D /* HomeViewController.swift */; };
		E41D2B8C2A8FD41E004C917D /* MainTabBarController.swift in Sources */ = {isa = PBXBuildFile; fileRef = E41D2B822A8FD41E004C917D /* MainTabBarController.swift */; };
		E41D2B8D2A8FD41E004C917D /* Base.swift in Sources */ = {isa = PBXBuildFile; fileRef = E41D2B832A8FD41E004C917D /* Base.swift */; };
		E41D2B962A8FD4C6004C917D /* LoginViewController.swift in Sources */ = {isa = PBXBuildFile; fileRef = E41D2B952A8FD4C6004C917D /* LoginViewController.swift */; };
		E41D2B982A8FD4DE004C917D /* PhotoViewerViewController.swift in Sources */ = {isa = PBXBuildFile; fileRef = E41D2B972A8FD4DE004C917D /* PhotoViewerViewController.swift */; };
		E41D2B9A2A8FD4E7004C917D /* VideoPlayerViewController.swift in Sources */ = {isa = PBXBuildFile; fileRef = E41D2B992A8FD4E7004C917D /* VideoPlayerViewController.swift */; };
		E41D2B9C2A8FD501004C917D /* NewConversationViewController.swift in Sources */ = {isa = PBXBuildFile; fileRef = E41D2B9B2A8FD501004C917D /* NewConversationViewController.swift */; };
		E41D2BA02A8FD552004C917D /* ChatViewController.swift in Sources */ = {isa = PBXBuildFile; fileRef = E41D2B9F2A8FD552004C917D /* ChatViewController.swift */; };
		E41D2BA22A8FD565004C917D /* ChatViewModel.swift in Sources */ = {isa = PBXBuildFile; fileRef = E41D2BA12A8FD565004C917D /* ChatViewModel.swift */; };
		E41D2BA52A8FD5AC004C917D /* SnapKit in Frameworks */ = {isa = PBXBuildFile; productRef = E41D2BA42A8FD5AC004C917D /* SnapKit */; };
		E41D2BA82A8FD5B9004C917D /* RxCocoa in Frameworks */ = {isa = PBXBuildFile; productRef = E41D2BA72A8FD5B9004C917D /* RxCocoa */; };
		E41D2BAA2A8FD5B9004C917D /* RxRelay in Frameworks */ = {isa = PBXBuildFile; productRef = E41D2BA92A8FD5B9004C917D /* RxRelay */; };
		E41D2BAC2A8FD5B9004C917D /* RxSwift in Frameworks */ = {isa = PBXBuildFile; productRef = E41D2BAB2A8FD5B9004C917D /* RxSwift */; };
		E41D2BAF2A8FD61D004C917D /* LoginViewModel.swift in Sources */ = {isa = PBXBuildFile; fileRef = E41D2BAE2A8FD61D004C917D /* LoginViewModel.swift */; };
		E41D2BC82A8FDDF5004C917D /* GoogleService-Info.plist in Resources */ = {isa = PBXBuildFile; fileRef = E41D2BC72A8FDDF5004C917D /* GoogleService-Info.plist */; };
		E453E82B2A912DB800C2D615 /* StickerInputView.swift in Sources */ = {isa = PBXBuildFile; fileRef = E453E82A2A912DB800C2D615 /* StickerInputView.swift */; };
		E453E82D2A912F8600C2D615 /* ChatInputTextField.swift in Sources */ = {isa = PBXBuildFile; fileRef = E453E82C2A912F8600C2D615 /* ChatInputTextField.swift */; };
		E453E82F2A91349600C2D615 /* ChatMessageSticker.swift in Sources */ = {isa = PBXBuildFile; fileRef = E453E82E2A91349600C2D615 /* ChatMessageSticker.swift */; };
		E453E8312A91355800C2D615 /* StickerInputViewContentCell.swift in Sources */ = {isa = PBXBuildFile; fileRef = E453E8302A91355800C2D615 /* StickerInputViewContentCell.swift */; };
		E49FC1EF2A8FE8570016F309 /* DatabaseManager.swift in Sources */ = {isa = PBXBuildFile; fileRef = E49FC1EE2A8FE8570016F309 /* DatabaseManager.swift */; };
		E49FC1F22A8FE87A0016F309 /* GoogleSignIn in Frameworks */ = {isa = PBXBuildFile; productRef = E49FC1F12A8FE87A0016F309 /* GoogleSignIn */; };
		E49FC1F42A8FE87A0016F309 /* GoogleSignInSwift in Frameworks */ = {isa = PBXBuildFile; productRef = E49FC1F32A8FE87A0016F309 /* GoogleSignInSwift */; };
		E49FC20A2A8FED6F0016F309 /* MessageKit in Frameworks */ = {isa = PBXBuildFile; productRef = E49FC2092A8FED6F0016F309 /* MessageKit */; };
		E49FC20D2A8FED800016F309 /* JGProgressHUD in Frameworks */ = {isa = PBXBuildFile; productRef = E49FC20C2A8FED800016F309 /* JGProgressHUD */; };
		E49FC2102A8FEDF30016F309 /* Realm in Frameworks */ = {isa = PBXBuildFile; productRef = E49FC20F2A8FEDF30016F309 /* Realm */; };
		E49FC2122A8FEDF30016F309 /* RealmSwift in Frameworks */ = {isa = PBXBuildFile; productRef = E49FC2112A8FEDF30016F309 /* RealmSwift */; };
		E49FC2152A8FEE230016F309 /* Kingfisher in Frameworks */ = {isa = PBXBuildFile; productRef = E49FC2142A8FEE230016F309 /* Kingfisher */; };
		E49FC2172A8FF3670016F309 /* Message.swift in Sources */ = {isa = PBXBuildFile; fileRef = E49FC2162A8FF3670016F309 /* Message.swift */; };
		E49FC2192A900C540016F309 /* StorageManager.swift in Sources */ = {isa = PBXBuildFile; fileRef = E49FC2182A900C540016F309 /* StorageManager.swift */; };
		E49FC21B2A901A9C0016F309 /* ChatUser.swift in Sources */ = {isa = PBXBuildFile; fileRef = E49FC21A2A901A9C0016F309 /* ChatUser.swift */; };
		E49FC21D2A901F0F0016F309 /* NewConversationViewModel.swift in Sources */ = {isa = PBXBuildFile; fileRef = E49FC21C2A901F0F0016F309 /* NewConversationViewModel.swift */; };
		E49FC2202A9021A90016F309 /* FirebaseAnalytics in Frameworks */ = {isa = PBXBuildFile; productRef = E49FC21F2A9021A90016F309 /* FirebaseAnalytics */; };
		E49FC2222A9021A90016F309 /* FirebaseAnalyticsSwift in Frameworks */ = {isa = PBXBuildFile; productRef = E49FC2212A9021A90016F309 /* FirebaseAnalyticsSwift */; };
		E49FC2242A9021A90016F309 /* FirebaseAuth in Frameworks */ = {isa = PBXBuildFile; productRef = E49FC2232A9021A90016F309 /* FirebaseAuth */; };
		E49FC2262A9021A90016F309 /* FirebaseAuthCombine-Community in Frameworks */ = {isa = PBXBuildFile; productRef = E49FC2252A9021A90016F309 /* FirebaseAuthCombine-Community */; };
		E49FC2282A9021A90016F309 /* FirebaseFirestore in Frameworks */ = {isa = PBXBuildFile; productRef = E49FC2272A9021A90016F309 /* FirebaseFirestore */; };
		E49FC22A2A9021A90016F309 /* FirebaseFirestoreCombine-Community in Frameworks */ = {isa = PBXBuildFile; productRef = E49FC2292A9021A90016F309 /* FirebaseFirestoreCombine-Community */; };
		E49FC22C2A9021A90016F309 /* FirebaseFirestoreSwift in Frameworks */ = {isa = PBXBuildFile; productRef = E49FC22B2A9021A90016F309 /* FirebaseFirestoreSwift */; };
		E49FC22E2A9021A90016F309 /* FirebaseMessaging in Frameworks */ = {isa = PBXBuildFile; productRef = E49FC22D2A9021A90016F309 /* FirebaseMessaging */; };
		E49FC2302A9021A90016F309 /* FirebaseStorage in Frameworks */ = {isa = PBXBuildFile; productRef = E49FC22F2A9021A90016F309 /* FirebaseStorage */; };
		E49FC2322A9021A90016F309 /* FirebaseStorageCombine-Community in Frameworks */ = {isa = PBXBuildFile; productRef = E49FC2312A9021A90016F309 /* FirebaseStorageCombine-Community */; };
		E49FC2342A90286E0016F309 /* Chat.swift in Sources */ = {isa = PBXBuildFile; fileRef = E49FC2332A90286E0016F309 /* Chat.swift */; };
		E49FC2362A9029190016F309 /* ChatMessage.swift in Sources */ = {isa = PBXBuildFile; fileRef = E49FC2352A9029190016F309 /* ChatMessage.swift */; };
		E49FC2382A9051280016F309 /* ChatMessageType.swift in Sources */ = {isa = PBXBuildFile; fileRef = E49FC2372A9051280016F309 /* ChatMessageType.swift */; };
		E49FC23A2A9051370016F309 /* ChatMessageContent.swift in Sources */ = {isa = PBXBuildFile; fileRef = E49FC2392A9051370016F309 /* ChatMessageContent.swift */; };
		E49FC23C2A9052F20016F309 /* UserManager.swift in Sources */ = {isa = PBXBuildFile; fileRef = E49FC23B2A9052F20016F309 /* UserManager.swift */; };
		E49FC23E2A9057B60016F309 /* ChatPreviewCell.swift in Sources */ = {isa = PBXBuildFile; fileRef = E49FC23D2A9057B60016F309 /* ChatPreviewCell.swift */; };
		E4D3AE4C2A926AAE00208684 /* StickerInputViewHeaderCell.swift in Sources */ = {isa = PBXBuildFile; fileRef = E4D3AE4B2A926AAE00208684 /* StickerInputViewHeaderCell.swift */; };
		E4D3AE4E2A92731700208684 /* ChatInputBar.swift in Sources */ = {isa = PBXBuildFile; fileRef = E4D3AE4D2A92731700208684 /* ChatInputBar.swift */; };
		E4D3AE502A9277ED00208684 /* ChatTheme.swift in Sources */ = {isa = PBXBuildFile; fileRef = E4D3AE4F2A9277ED00208684 /* ChatTheme.swift */; };
		E4D3AE532A92B07900208684 /* LocationPickerViewController.swift in Sources */ = {isa = PBXBuildFile; fileRef = E4D3AE522A92B07900208684 /* LocationPickerViewController.swift */; };
		E4D3AE552A92E7B300208684 /* ManageStickerPackViewController.swift in Sources */ = {isa = PBXBuildFile; fileRef = E4D3AE542A92E7B300208684 /* ManageStickerPackViewController.swift */; };
		E4D3AE572A92E86600208684 /* ManageStickerCell.swift in Sources */ = {isa = PBXBuildFile; fileRef = E4D3AE562A92E86600208684 /* ManageStickerCell.swift */; };
/* End PBXBuildFile section */

/* Begin PBXFileReference section */
		E41B98312A91C0B900E3544A /* ChatViewController+Keyboard.swift */ = {isa = PBXFileReference; lastKnownFileType = sourcecode.swift; path = "ChatViewController+Keyboard.swift"; sourceTree = "<group>"; };
		E41B98332A91C71F00E3544A /* ChatViewController+Attachment.swift */ = {isa = PBXFileReference; lastKnownFileType = sourcecode.swift; path = "ChatViewController+Attachment.swift"; sourceTree = "<group>"; };
		E41B98352A91C74E00E3544A /* ChatAddAttachmentButton.swift */ = {isa = PBXFileReference; lastKnownFileType = sourcecode.swift; path = ChatAddAttachmentButton.swift; sourceTree = "<group>"; };
		E41B98372A91C7FD00E3544A /* ChatSendButton.swift */ = {isa = PBXFileReference; lastKnownFileType = sourcecode.swift; path = ChatSendButton.swift; sourceTree = "<group>"; };
		E41B98392A925FF500E3544A /* DatabaseManager+Stickers.swift */ = {isa = PBXFileReference; lastKnownFileType = sourcecode.swift; path = "DatabaseManager+Stickers.swift"; sourceTree = "<group>"; };
		E41B983B2A9264F600E3544A /* CacheManager.swift */ = {isa = PBXFileReference; lastKnownFileType = sourcecode.swift; path = CacheManager.swift; sourceTree = "<group>"; };
		E41D2B1B2A8FD3AA004C917D /* Talk2Meee.app */ = {isa = PBXFileReference; explicitFileType = wrapper.application; includeInIndex = 0; path = Talk2Meee.app; sourceTree = BUILT_PRODUCTS_DIR; };
		E41D2B1E2A8FD3AA004C917D /* AppDelegate.swift */ = {isa = PBXFileReference; lastKnownFileType = sourcecode.swift; path = AppDelegate.swift; sourceTree = "<group>"; };
		E41D2B202A8FD3AA004C917D /* SceneDelegate.swift */ = {isa = PBXFileReference; lastKnownFileType = sourcecode.swift; path = SceneDelegate.swift; sourceTree = "<group>"; };
		E41D2B272A8FD3AB004C917D /* Assets.xcassets */ = {isa = PBXFileReference; lastKnownFileType = folder.assetcatalog; path = Assets.xcassets; sourceTree = "<group>"; };
		E41D2B2A2A8FD3AB004C917D /* Base */ = {isa = PBXFileReference; lastKnownFileType = file.storyboard; name = Base; path = Base.lproj/LaunchScreen.storyboard; sourceTree = "<group>"; };
		E41D2B2C2A8FD3AB004C917D /* Info.plist */ = {isa = PBXFileReference; lastKnownFileType = text.plist.xml; path = Info.plist; sourceTree = "<group>"; };
		E41D2B342A8FD419004C917D /* AppCoordinator.swift */ = {isa = PBXFileReference; fileEncoding = 4; lastKnownFileType = sourcecode.swift; path = AppCoordinator.swift; sourceTree = "<group>"; };
		E41D2B352A8FD419004C917D /* Coordinator.swift */ = {isa = PBXFileReference; fileEncoding = 4; lastKnownFileType = sourcecode.swift; path = Coordinator.swift; sourceTree = "<group>"; };
		E41D2B382A8FD419004C917D /* IconButton.swift */ = {isa = PBXFileReference; fileEncoding = 4; lastKnownFileType = sourcecode.swift; path = IconButton.swift; sourceTree = "<group>"; };
		E41D2B392A8FD419004C917D /* RoundButton.swift */ = {isa = PBXFileReference; fileEncoding = 4; lastKnownFileType = sourcecode.swift; path = RoundButton.swift; sourceTree = "<group>"; };
		E41D2B3A2A8FD419004C917D /* CircleView.swift */ = {isa = PBXFileReference; fileEncoding = 4; lastKnownFileType = sourcecode.swift; path = CircleView.swift; sourceTree = "<group>"; };
		E41D2B3B2A8FD419004C917D /* TextButton.swift */ = {isa = PBXFileReference; fileEncoding = 4; lastKnownFileType = sourcecode.swift; path = TextButton.swift; sourceTree = "<group>"; };
		E41D2B3E2A8FD419004C917D /* BaseCell.swift */ = {isa = PBXFileReference; fileEncoding = 4; lastKnownFileType = sourcecode.swift; path = BaseCell.swift; sourceTree = "<group>"; };
		E41D2B402A8FD419004C917D /* ErrorHandler.swift */ = {isa = PBXFileReference; fileEncoding = 4; lastKnownFileType = sourcecode.swift; path = ErrorHandler.swift; sourceTree = "<group>"; };
		E41D2B422A8FD419004C917D /* Constants.swift */ = {isa = PBXFileReference; fileEncoding = 4; lastKnownFileType = sourcecode.swift; path = Constants.swift; sourceTree = "<group>"; };
		E41D2B432A8FD419004C917D /* DateFormat.swift */ = {isa = PBXFileReference; fileEncoding = 4; lastKnownFileType = sourcecode.swift; path = DateFormat.swift; sourceTree = "<group>"; };
		E41D2B442A8FD419004C917D /* UIFont+Theme.swift */ = {isa = PBXFileReference; fileEncoding = 4; lastKnownFileType = sourcecode.swift; path = "UIFont+Theme.swift"; sourceTree = "<group>"; };
		E41D2B452A8FD419004C917D /* Icons.swift */ = {isa = PBXFileReference; fileEncoding = 4; lastKnownFileType = sourcecode.swift; path = Icons.swift; sourceTree = "<group>"; };
		E41D2B462A8FD419004C917D /* YearMonth.swift */ = {isa = PBXFileReference; fileEncoding = 4; lastKnownFileType = sourcecode.swift; path = YearMonth.swift; sourceTree = "<group>"; };
		E41D2B472A8FD419004C917D /* YearMonthDay.swift */ = {isa = PBXFileReference; fileEncoding = 4; lastKnownFileType = sourcecode.swift; path = YearMonthDay.swift; sourceTree = "<group>"; };
		E41D2B482A8FD419004C917D /* Enum.swift */ = {isa = PBXFileReference; fileEncoding = 4; lastKnownFileType = sourcecode.swift; path = Enum.swift; sourceTree = "<group>"; };
		E41D2B4A2A8FD419004C917D /* ViewController.swift */ = {isa = PBXFileReference; fileEncoding = 4; lastKnownFileType = sourcecode.swift; path = ViewController.swift; sourceTree = "<group>"; };
		E41D2B4B2A8FD419004C917D /* UIViewController+Extensions.swift */ = {isa = PBXFileReference; fileEncoding = 4; lastKnownFileType = sourcecode.swift; path = "UIViewController+Extensions.swift"; sourceTree = "<group>"; };
		E41D2B4C2A8FD419004C917D /* UIImageView+loadImageUsingURL.swift */ = {isa = PBXFileReference; fileEncoding = 4; lastKnownFileType = sourcecode.swift; path = "UIImageView+loadImageUsingURL.swift"; sourceTree = "<group>"; };
		E41D2B4D2A8FD419004C917D /* UIView+Extensions.swift */ = {isa = PBXFileReference; fileEncoding = 4; lastKnownFileType = sourcecode.swift; path = "UIView+Extensions.swift"; sourceTree = "<group>"; };
		E41D2B4E2A8FD419004C917D /* String+Extensions.swift */ = {isa = PBXFileReference; fileEncoding = 4; lastKnownFileType = sourcecode.swift; path = "String+Extensions.swift"; sourceTree = "<group>"; };
		E41D2B4F2A8FD419004C917D /* UIColor+Extensions.swift */ = {isa = PBXFileReference; fileEncoding = 4; lastKnownFileType = sourcecode.swift; path = "UIColor+Extensions.swift"; sourceTree = "<group>"; };
		E41D2B502A8FD419004C917D /* UIStack+RemoveAll.swift */ = {isa = PBXFileReference; fileEncoding = 4; lastKnownFileType = sourcecode.swift; path = "UIStack+RemoveAll.swift"; sourceTree = "<group>"; };
		E41D2B512A8FD419004C917D /* UINavigationController+Extensions.swift */ = {isa = PBXFileReference; fileEncoding = 4; lastKnownFileType = sourcecode.swift; path = "UINavigationController+Extensions.swift"; sourceTree = "<group>"; };
		E41D2B522A8FD419004C917D /* UUID+Extensions.swift */ = {isa = PBXFileReference; fileEncoding = 4; lastKnownFileType = sourcecode.swift; path = "UUID+Extensions.swift"; sourceTree = "<group>"; };
		E41D2B532A8FD419004C917D /* Date+Extensions.swift */ = {isa = PBXFileReference; fileEncoding = 4; lastKnownFileType = sourcecode.swift; path = "Date+Extensions.swift"; sourceTree = "<group>"; };
		E41D2B702A8FD41E004C917D /* ProfileViewModel.swift */ = {isa = PBXFileReference; fileEncoding = 4; lastKnownFileType = sourcecode.swift; path = ProfileViewModel.swift; sourceTree = "<group>"; };
		E41D2B722A8FD41E004C917D /* ProfileViewController.swift */ = {isa = PBXFileReference; fileEncoding = 4; lastKnownFileType = sourcecode.swift; path = ProfileViewController.swift; sourceTree = "<group>"; };
		E41D2B752A8FD41E004C917D /* HomeViewModel.swift */ = {isa = PBXFileReference; fileEncoding = 4; lastKnownFileType = sourcecode.swift; path = HomeViewModel.swift; sourceTree = "<group>"; };
		E41D2B772A8FD41E004C917D /* HomeViewController.swift */ = {isa = PBXFileReference; fileEncoding = 4; lastKnownFileType = sourcecode.swift; path = HomeViewController.swift; sourceTree = "<group>"; };
		E41D2B822A8FD41E004C917D /* MainTabBarController.swift */ = {isa = PBXFileReference; fileEncoding = 4; lastKnownFileType = sourcecode.swift; path = MainTabBarController.swift; sourceTree = "<group>"; };
		E41D2B832A8FD41E004C917D /* Base.swift */ = {isa = PBXFileReference; fileEncoding = 4; lastKnownFileType = sourcecode.swift; path = Base.swift; sourceTree = "<group>"; };
		E41D2B952A8FD4C6004C917D /* LoginViewController.swift */ = {isa = PBXFileReference; lastKnownFileType = sourcecode.swift; path = LoginViewController.swift; sourceTree = "<group>"; };
		E41D2B972A8FD4DE004C917D /* PhotoViewerViewController.swift */ = {isa = PBXFileReference; lastKnownFileType = sourcecode.swift; path = PhotoViewerViewController.swift; sourceTree = "<group>"; };
		E41D2B992A8FD4E7004C917D /* VideoPlayerViewController.swift */ = {isa = PBXFileReference; lastKnownFileType = sourcecode.swift; path = VideoPlayerViewController.swift; sourceTree = "<group>"; };
		E41D2B9B2A8FD501004C917D /* NewConversationViewController.swift */ = {isa = PBXFileReference; lastKnownFileType = sourcecode.swift; path = NewConversationViewController.swift; sourceTree = "<group>"; };
		E41D2B9F2A8FD552004C917D /* ChatViewController.swift */ = {isa = PBXFileReference; lastKnownFileType = sourcecode.swift; path = ChatViewController.swift; sourceTree = "<group>"; };
		E41D2BA12A8FD565004C917D /* ChatViewModel.swift */ = {isa = PBXFileReference; lastKnownFileType = sourcecode.swift; path = ChatViewModel.swift; sourceTree = "<group>"; };
		E41D2BAE2A8FD61D004C917D /* LoginViewModel.swift */ = {isa = PBXFileReference; lastKnownFileType = sourcecode.swift; path = LoginViewModel.swift; sourceTree = "<group>"; };
		E41D2BC72A8FDDF5004C917D /* GoogleService-Info.plist */ = {isa = PBXFileReference; fileEncoding = 4; lastKnownFileType = text.plist.xml; path = "GoogleService-Info.plist"; sourceTree = "<group>"; };
		E453E82A2A912DB800C2D615 /* StickerInputView.swift */ = {isa = PBXFileReference; lastKnownFileType = sourcecode.swift; path = StickerInputView.swift; sourceTree = "<group>"; };
		E453E82C2A912F8600C2D615 /* ChatInputTextField.swift */ = {isa = PBXFileReference; lastKnownFileType = sourcecode.swift; path = ChatInputTextField.swift; sourceTree = "<group>"; };
		E453E82E2A91349600C2D615 /* ChatMessageSticker.swift */ = {isa = PBXFileReference; lastKnownFileType = sourcecode.swift; path = ChatMessageSticker.swift; sourceTree = "<group>"; };
		E453E8302A91355800C2D615 /* StickerInputViewContentCell.swift */ = {isa = PBXFileReference; lastKnownFileType = sourcecode.swift; path = StickerInputViewContentCell.swift; sourceTree = "<group>"; };
		E49FC1EE2A8FE8570016F309 /* DatabaseManager.swift */ = {isa = PBXFileReference; lastKnownFileType = sourcecode.swift; path = DatabaseManager.swift; sourceTree = "<group>"; };
		E49FC2162A8FF3670016F309 /* Message.swift */ = {isa = PBXFileReference; lastKnownFileType = sourcecode.swift; path = Message.swift; sourceTree = "<group>"; };
		E49FC2182A900C540016F309 /* StorageManager.swift */ = {isa = PBXFileReference; lastKnownFileType = sourcecode.swift; path = StorageManager.swift; sourceTree = "<group>"; };
		E49FC21A2A901A9C0016F309 /* ChatUser.swift */ = {isa = PBXFileReference; lastKnownFileType = sourcecode.swift; path = ChatUser.swift; sourceTree = "<group>"; };
		E49FC21C2A901F0F0016F309 /* NewConversationViewModel.swift */ = {isa = PBXFileReference; lastKnownFileType = sourcecode.swift; path = NewConversationViewModel.swift; sourceTree = "<group>"; };
		E49FC2332A90286E0016F309 /* Chat.swift */ = {isa = PBXFileReference; lastKnownFileType = sourcecode.swift; path = Chat.swift; sourceTree = "<group>"; };
		E49FC2352A9029190016F309 /* ChatMessage.swift */ = {isa = PBXFileReference; lastKnownFileType = sourcecode.swift; path = ChatMessage.swift; sourceTree = "<group>"; };
		E49FC2372A9051280016F309 /* ChatMessageType.swift */ = {isa = PBXFileReference; lastKnownFileType = sourcecode.swift; path = ChatMessageType.swift; sourceTree = "<group>"; };
		E49FC2392A9051370016F309 /* ChatMessageContent.swift */ = {isa = PBXFileReference; lastKnownFileType = sourcecode.swift; path = ChatMessageContent.swift; sourceTree = "<group>"; };
		E49FC23B2A9052F20016F309 /* UserManager.swift */ = {isa = PBXFileReference; lastKnownFileType = sourcecode.swift; path = UserManager.swift; sourceTree = "<group>"; };
		E49FC23D2A9057B60016F309 /* ChatPreviewCell.swift */ = {isa = PBXFileReference; lastKnownFileType = sourcecode.swift; path = ChatPreviewCell.swift; sourceTree = "<group>"; };
		E4D3AE4B2A926AAE00208684 /* StickerInputViewHeaderCell.swift */ = {isa = PBXFileReference; lastKnownFileType = sourcecode.swift; path = StickerInputViewHeaderCell.swift; sourceTree = "<group>"; };
		E4D3AE4D2A92731700208684 /* ChatInputBar.swift */ = {isa = PBXFileReference; lastKnownFileType = sourcecode.swift; path = ChatInputBar.swift; sourceTree = "<group>"; };
		E4D3AE4F2A9277ED00208684 /* ChatTheme.swift */ = {isa = PBXFileReference; lastKnownFileType = sourcecode.swift; path = ChatTheme.swift; sourceTree = "<group>"; };
		E4D3AE522A92B07900208684 /* LocationPickerViewController.swift */ = {isa = PBXFileReference; lastKnownFileType = sourcecode.swift; path = LocationPickerViewController.swift; sourceTree = "<group>"; };
		E4D3AE542A92E7B300208684 /* ManageStickerPackViewController.swift */ = {isa = PBXFileReference; lastKnownFileType = sourcecode.swift; path = ManageStickerPackViewController.swift; sourceTree = "<group>"; };
		E4D3AE562A92E86600208684 /* ManageStickerCell.swift */ = {isa = PBXFileReference; lastKnownFileType = sourcecode.swift; path = ManageStickerCell.swift; sourceTree = "<group>"; };
/* End PBXFileReference section */

/* Begin PBXFrameworksBuildPhase section */
		E41D2B182A8FD3AA004C917D /* Frameworks */ = {
			isa = PBXFrameworksBuildPhase;
			buildActionMask = 2147483647;
			files = (
				E49FC2122A8FEDF30016F309 /* RealmSwift in Frameworks */,
				E49FC2322A9021A90016F309 /* FirebaseStorageCombine-Community in Frameworks */,
				E49FC2152A8FEE230016F309 /* Kingfisher in Frameworks */,
				E49FC2202A9021A90016F309 /* FirebaseAnalytics in Frameworks */,
				E41D2BAA2A8FD5B9004C917D /* RxRelay in Frameworks */,
				E49FC2262A9021A90016F309 /* FirebaseAuthCombine-Community in Frameworks */,
				E49FC2282A9021A90016F309 /* FirebaseFirestore in Frameworks */,
				E41D2BA82A8FD5B9004C917D /* RxCocoa in Frameworks */,
				E49FC2242A9021A90016F309 /* FirebaseAuth in Frameworks */,
				E49FC22E2A9021A90016F309 /* FirebaseMessaging in Frameworks */,
				E41D2BAC2A8FD5B9004C917D /* RxSwift in Frameworks */,
				E49FC2102A8FEDF30016F309 /* Realm in Frameworks */,
				E49FC20A2A8FED6F0016F309 /* MessageKit in Frameworks */,
				E49FC22A2A9021A90016F309 /* FirebaseFirestoreCombine-Community in Frameworks */,
				E49FC2302A9021A90016F309 /* FirebaseStorage in Frameworks */,
				E49FC1F42A8FE87A0016F309 /* GoogleSignInSwift in Frameworks */,
				E49FC2222A9021A90016F309 /* FirebaseAnalyticsSwift in Frameworks */,
				E49FC20D2A8FED800016F309 /* JGProgressHUD in Frameworks */,
				E49FC1F22A8FE87A0016F309 /* GoogleSignIn in Frameworks */,
				E41D2BA52A8FD5AC004C917D /* SnapKit in Frameworks */,
				E49FC22C2A9021A90016F309 /* FirebaseFirestoreSwift in Frameworks */,
			);
			runOnlyForDeploymentPostprocessing = 0;
		};
/* End PBXFrameworksBuildPhase section */

/* Begin PBXGroup section */
		E41D2B122A8FD3AA004C917D = {
			isa = PBXGroup;
			children = (
				E41D2B1D2A8FD3AA004C917D /* Talk2Meee */,
				E41D2B1C2A8FD3AA004C917D /* Products */,
			);
			sourceTree = "<group>";
		};
		E41D2B1C2A8FD3AA004C917D /* Products */ = {
			isa = PBXGroup;
			children = (
				E41D2B1B2A8FD3AA004C917D /* Talk2Meee.app */,
			);
			name = Products;
			sourceTree = "<group>";
		};
		E41D2B1D2A8FD3AA004C917D /* Talk2Meee */ = {
			isa = PBXGroup;
			children = (
				E41D2BB32A8FD6DF004C917D /* Models */,
				E41D2BB02A8FD6AB004C917D /* Data */,
				E41D2B6D2A8FD41E004C917D /* Features */,
				E41D2B322A8FD419004C917D /* Supporting Files */,
				E41D2B1E2A8FD3AA004C917D /* AppDelegate.swift */,
				E41D2B202A8FD3AA004C917D /* SceneDelegate.swift */,
				E41D2B272A8FD3AB004C917D /* Assets.xcassets */,
				E41D2B292A8FD3AB004C917D /* LaunchScreen.storyboard */,
				E41D2B2C2A8FD3AB004C917D /* Info.plist */,
				E41D2BC72A8FDDF5004C917D /* GoogleService-Info.plist */,
			);
			path = Talk2Meee;
			sourceTree = "<group>";
		};
		E41D2B322A8FD419004C917D /* Supporting Files */ = {
			isa = PBXGroup;
			children = (
				E41D2B332A8FD419004C917D /* Coordinator */,
				E41D2B362A8FD419004C917D /* Subclasses */,
				E41D2B3F2A8FD419004C917D /* Managers */,
				E41D2B412A8FD419004C917D /* Common */,
				E41D2B492A8FD419004C917D /* Helpers */,
			);
			path = "Supporting Files";
			sourceTree = "<group>";
		};
		E41D2B332A8FD419004C917D /* Coordinator */ = {
			isa = PBXGroup;
			children = (
				E41D2B342A8FD419004C917D /* AppCoordinator.swift */,
				E41D2B352A8FD419004C917D /* Coordinator.swift */,
			);
			path = Coordinator;
			sourceTree = "<group>";
		};
		E41D2B362A8FD419004C917D /* Subclasses */ = {
			isa = PBXGroup;
			children = (
				E41D2B372A8FD419004C917D /* Buttons */,
				E41D2B3C2A8FD419004C917D /* Controllers */,
				E41D2B3D2A8FD419004C917D /* Views */,
			);
			path = Subclasses;
			sourceTree = "<group>";
		};
		E41D2B372A8FD419004C917D /* Buttons */ = {
			isa = PBXGroup;
			children = (
				E41D2B382A8FD419004C917D /* IconButton.swift */,
				E41D2B392A8FD419004C917D /* RoundButton.swift */,
				E41D2B3A2A8FD419004C917D /* CircleView.swift */,
				E41D2B3B2A8FD419004C917D /* TextButton.swift */,
			);
			path = Buttons;
			sourceTree = "<group>";
		};
		E41D2B3C2A8FD419004C917D /* Controllers */ = {
			isa = PBXGroup;
			children = (
			);
			path = Controllers;
			sourceTree = "<group>";
		};
		E41D2B3D2A8FD419004C917D /* Views */ = {
			isa = PBXGroup;
			children = (
				E41D2B3E2A8FD419004C917D /* BaseCell.swift */,
			);
			path = Views;
			sourceTree = "<group>";
		};
		E41D2B3F2A8FD419004C917D /* Managers */ = {
			isa = PBXGroup;
			children = (
				E49FC2182A900C540016F309 /* StorageManager.swift */,
				E49FC1EE2A8FE8570016F309 /* DatabaseManager.swift */,
				E41B98392A925FF500E3544A /* DatabaseManager+Stickers.swift */,
				E49FC23B2A9052F20016F309 /* UserManager.swift */,
				E41B983B2A9264F600E3544A /* CacheManager.swift */,
				E41D2B402A8FD419004C917D /* ErrorHandler.swift */,
			);
			path = Managers;
			sourceTree = "<group>";
		};
		E41D2B412A8FD419004C917D /* Common */ = {
			isa = PBXGroup;
			children = (
				E41D2B422A8FD419004C917D /* Constants.swift */,
				E41D2B432A8FD419004C917D /* DateFormat.swift */,
				E41D2B442A8FD419004C917D /* UIFont+Theme.swift */,
				E41D2B452A8FD419004C917D /* Icons.swift */,
				E41D2B462A8FD419004C917D /* YearMonth.swift */,
				E41D2B472A8FD419004C917D /* YearMonthDay.swift */,
				E41D2B482A8FD419004C917D /* Enum.swift */,
			);
			path = Common;
			sourceTree = "<group>";
		};
		E41D2B492A8FD419004C917D /* Helpers */ = {
			isa = PBXGroup;
			children = (
				E41D2B4A2A8FD419004C917D /* ViewController.swift */,
				E41D2B4B2A8FD419004C917D /* UIViewController+Extensions.swift */,
				E41D2B4C2A8FD419004C917D /* UIImageView+loadImageUsingURL.swift */,
				E41D2B4D2A8FD419004C917D /* UIView+Extensions.swift */,
				E41D2B4E2A8FD419004C917D /* String+Extensions.swift */,
				E41D2B4F2A8FD419004C917D /* UIColor+Extensions.swift */,
				E41D2B502A8FD419004C917D /* UIStack+RemoveAll.swift */,
				E41D2B512A8FD419004C917D /* UINavigationController+Extensions.swift */,
				E41D2B522A8FD419004C917D /* UUID+Extensions.swift */,
				E41D2B532A8FD419004C917D /* Date+Extensions.swift */,
			);
			path = Helpers;
			sourceTree = "<group>";
		};
		E41D2B6D2A8FD41E004C917D /* Features */ = {
			isa = PBXGroup;
			children = (
				E41D2B912A8FD4AE004C917D /* Auth */,
				E41D2B6E2A8FD41E004C917D /* Settings */,
				E41D2B732A8FD41E004C917D /* Home */,
				E41D2B792A8FD41E004C917D /* Chat */,
				E41D2B812A8FD41E004C917D /* Common */,
			);
			path = Features;
			sourceTree = "<group>";
		};
		E41D2B6E2A8FD41E004C917D /* Settings */ = {
			isa = PBXGroup;
			children = (
				E41D2B6F2A8FD41E004C917D /* View Models */,
				E41D2B712A8FD41E004C917D /* View Controllers */,
			);
			path = Settings;
			sourceTree = "<group>";
		};
		E41D2B6F2A8FD41E004C917D /* View Models */ = {
			isa = PBXGroup;
			children = (
				E41D2B702A8FD41E004C917D /* ProfileViewModel.swift */,
			);
			path = "View Models";
			sourceTree = "<group>";
		};
		E41D2B712A8FD41E004C917D /* View Controllers */ = {
			isa = PBXGroup;
			children = (
				E41D2B722A8FD41E004C917D /* ProfileViewController.swift */,
			);
			path = "View Controllers";
			sourceTree = "<group>";
		};
		E41D2B732A8FD41E004C917D /* Home */ = {
			isa = PBXGroup;
			children = (
				E41D2B742A8FD41E004C917D /* View Models */,
				E41D2B762A8FD41E004C917D /* View Controllers */,
				E41D2B782A8FD41E004C917D /* Views */,
			);
			path = Home;
			sourceTree = "<group>";
		};
		E41D2B742A8FD41E004C917D /* View Models */ = {
			isa = PBXGroup;
			children = (
				E49FC21C2A901F0F0016F309 /* NewConversationViewModel.swift */,
				E41D2B752A8FD41E004C917D /* HomeViewModel.swift */,
			);
			path = "View Models";
			sourceTree = "<group>";
		};
		E41D2B762A8FD41E004C917D /* View Controllers */ = {
			isa = PBXGroup;
			children = (
				E41D2B9B2A8FD501004C917D /* NewConversationViewController.swift */,
				E41D2B772A8FD41E004C917D /* HomeViewController.swift */,
			);
			path = "View Controllers";
			sourceTree = "<group>";
		};
		E41D2B782A8FD41E004C917D /* Views */ = {
			isa = PBXGroup;
			children = (
				E49FC23D2A9057B60016F309 /* ChatPreviewCell.swift */,
			);
			path = Views;
			sourceTree = "<group>";
		};
		E41D2B792A8FD41E004C917D /* Chat */ = {
			isa = PBXGroup;
			children = (
				E41D2B7A2A8FD41E004C917D /* View Models */,
				E41D2B7C2A8FD41E004C917D /* View Controllers */,
				E41D2B7E2A8FD41E004C917D /* Views */,
			);
			path = Chat;
			sourceTree = "<group>";
		};
		E41D2B7A2A8FD41E004C917D /* View Models */ = {
			isa = PBXGroup;
			children = (
				E41D2BA12A8FD565004C917D /* ChatViewModel.swift */,
			);
			path = "View Models";
			sourceTree = "<group>";
		};
		E41D2B7C2A8FD41E004C917D /* View Controllers */ = {
			isa = PBXGroup;
			children = (
				E41D2B992A8FD4E7004C917D /* VideoPlayerViewController.swift */,
				E41D2B972A8FD4DE004C917D /* PhotoViewerViewController.swift */,
				E4D3AE522A92B07900208684 /* LocationPickerViewController.swift */,
				E41D2B9F2A8FD552004C917D /* ChatViewController.swift */,
				E41B98332A91C71F00E3544A /* ChatViewController+Attachment.swift */,
				E41B98312A91C0B900E3544A /* ChatViewController+Keyboard.swift */,
				E4D3AE542A92E7B300208684 /* ManageStickerPackViewController.swift */,
			);
			path = "View Controllers";
			sourceTree = "<group>";
		};
		E41D2B7E2A8FD41E004C917D /* Views */ = {
			isa = PBXGroup;
			children = (
				E453E82A2A912DB800C2D615 /* StickerInputView.swift */,
				E4D3AE562A92E86600208684 /* ManageStickerCell.swift */,
				E453E82C2A912F8600C2D615 /* ChatInputTextField.swift */,
				E4D3AE4B2A926AAE00208684 /* StickerInputViewHeaderCell.swift */,
				E453E8302A91355800C2D615 /* StickerInputViewContentCell.swift */,
				E41B98372A91C7FD00E3544A /* ChatSendButton.swift */,
				E41B98352A91C74E00E3544A /* ChatAddAttachmentButton.swift */,
				E4D3AE4D2A92731700208684 /* ChatInputBar.swift */,
			);
			path = Views;
			sourceTree = "<group>";
		};
		E41D2B812A8FD41E004C917D /* Common */ = {
			isa = PBXGroup;
			children = (
				E41D2B822A8FD41E004C917D /* MainTabBarController.swift */,
				E41D2B832A8FD41E004C917D /* Base.swift */,
			);
			path = Common;
			sourceTree = "<group>";
		};
		E41D2B912A8FD4AE004C917D /* Auth */ = {
			isa = PBXGroup;
			children = (
				E41D2BAD2A8FD613004C917D /* View Models */,
				E41D2B922A8FD4B1004C917D /* View Controllers */,
			);
			path = Auth;
			sourceTree = "<group>";
		};
		E41D2B922A8FD4B1004C917D /* View Controllers */ = {
			isa = PBXGroup;
			children = (
				E41D2B952A8FD4C6004C917D /* LoginViewController.swift */,
			);
			path = "View Controllers";
			sourceTree = "<group>";
		};
		E41D2BAD2A8FD613004C917D /* View Models */ = {
			isa = PBXGroup;
			children = (
				E41D2BAE2A8FD61D004C917D /* LoginViewModel.swift */,
			);
			path = "View Models";
			sourceTree = "<group>";
		};
		E41D2BB02A8FD6AB004C917D /* Data */ = {
			isa = PBXGroup;
			children = (
			);
			path = Data;
			sourceTree = "<group>";
		};
		E41D2BB32A8FD6DF004C917D /* Models */ = {
			isa = PBXGroup;
			children = (
				E49FC2162A8FF3670016F309 /* Message.swift */,
				E49FC21A2A901A9C0016F309 /* ChatUser.swift */,
				E49FC2332A90286E0016F309 /* Chat.swift */,
				E49FC2352A9029190016F309 /* ChatMessage.swift */,
				E453E82E2A91349600C2D615 /* ChatMessageSticker.swift */,
				E49FC2392A9051370016F309 /* ChatMessageContent.swift */,
				E49FC2372A9051280016F309 /* ChatMessageType.swift */,
				E4D3AE4F2A9277ED00208684 /* ChatTheme.swift */,
			);
			path = Models;
			sourceTree = "<group>";
		};
/* End PBXGroup section */

/* Begin PBXNativeTarget section */
		E41D2B1A2A8FD3AA004C917D /* Talk2Meee */ = {
			isa = PBXNativeTarget;
			buildConfigurationList = E41D2B2F2A8FD3AB004C917D /* Build configuration list for PBXNativeTarget "Talk2Meee" */;
			buildPhases = (
				E41D2B172A8FD3AA004C917D /* Sources */,
				E41D2B182A8FD3AA004C917D /* Frameworks */,
				E41D2B192A8FD3AA004C917D /* Resources */,
			);
			buildRules = (
			);
			dependencies = (
			);
			name = Talk2Meee;
			packageProductDependencies = (
				E41D2BA42A8FD5AC004C917D /* SnapKit */,
				E41D2BA72A8FD5B9004C917D /* RxCocoa */,
				E41D2BA92A8FD5B9004C917D /* RxRelay */,
				E41D2BAB2A8FD5B9004C917D /* RxSwift */,
				E49FC1F12A8FE87A0016F309 /* GoogleSignIn */,
				E49FC1F32A8FE87A0016F309 /* GoogleSignInSwift */,
				E49FC2092A8FED6F0016F309 /* MessageKit */,
				E49FC20C2A8FED800016F309 /* JGProgressHUD */,
				E49FC20F2A8FEDF30016F309 /* Realm */,
				E49FC2112A8FEDF30016F309 /* RealmSwift */,
				E49FC2142A8FEE230016F309 /* Kingfisher */,
				E49FC21F2A9021A90016F309 /* FirebaseAnalytics */,
				E49FC2212A9021A90016F309 /* FirebaseAnalyticsSwift */,
				E49FC2232A9021A90016F309 /* FirebaseAuth */,
				E49FC2252A9021A90016F309 /* FirebaseAuthCombine-Community */,
				E49FC2272A9021A90016F309 /* FirebaseFirestore */,
				E49FC2292A9021A90016F309 /* FirebaseFirestoreCombine-Community */,
				E49FC22B2A9021A90016F309 /* FirebaseFirestoreSwift */,
				E49FC22D2A9021A90016F309 /* FirebaseMessaging */,
				E49FC22F2A9021A90016F309 /* FirebaseStorage */,
				E49FC2312A9021A90016F309 /* FirebaseStorageCombine-Community */,
			);
			productName = Talk2Meee;
			productReference = E41D2B1B2A8FD3AA004C917D /* Talk2Meee.app */;
			productType = "com.apple.product-type.application";
		};
/* End PBXNativeTarget section */

/* Begin PBXProject section */
		E41D2B132A8FD3AA004C917D /* Project object */ = {
			isa = PBXProject;
			attributes = {
				BuildIndependentTargetsInParallel = 1;
				LastSwiftUpdateCheck = 1430;
				LastUpgradeCheck = 1430;
				TargetAttributes = {
					E41D2B1A2A8FD3AA004C917D = {
						CreatedOnToolsVersion = 14.3;
					};
				};
			};
			buildConfigurationList = E41D2B162A8FD3AA004C917D /* Build configuration list for PBXProject "Talk2Meee" */;
			compatibilityVersion = "Xcode 14.0";
			developmentRegion = en;
			hasScannedForEncodings = 0;
			knownRegions = (
				en,
				Base,
			);
			mainGroup = E41D2B122A8FD3AA004C917D;
			packageReferences = (
				E41D2BA32A8FD5AC004C917D /* XCRemoteSwiftPackageReference "SnapKit" */,
				E41D2BA62A8FD5B9004C917D /* XCRemoteSwiftPackageReference "RxSwift" */,
				E49FC1F02A8FE87A0016F309 /* XCRemoteSwiftPackageReference "GoogleSignIn-iOS" */,
				E49FC2082A8FED6E0016F309 /* XCRemoteSwiftPackageReference "MessageKit" */,
				E49FC20B2A8FED800016F309 /* XCRemoteSwiftPackageReference "JGProgressHUD" */,
				E49FC20E2A8FEDF30016F309 /* XCRemoteSwiftPackageReference "realm-swift" */,
				E49FC2132A8FEE230016F309 /* XCRemoteSwiftPackageReference "Kingfisher" */,
				E49FC21E2A9021A90016F309 /* XCRemoteSwiftPackageReference "firebase-ios-sdk" */,
			);
			productRefGroup = E41D2B1C2A8FD3AA004C917D /* Products */;
			projectDirPath = "";
			projectRoot = "";
			targets = (
				E41D2B1A2A8FD3AA004C917D /* Talk2Meee */,
			);
		};
/* End PBXProject section */

/* Begin PBXResourcesBuildPhase section */
		E41D2B192A8FD3AA004C917D /* Resources */ = {
			isa = PBXResourcesBuildPhase;
			buildActionMask = 2147483647;
			files = (
				E41D2BC82A8FDDF5004C917D /* GoogleService-Info.plist in Resources */,
				E41D2B2B2A8FD3AB004C917D /* LaunchScreen.storyboard in Resources */,
				E41D2B282A8FD3AB004C917D /* Assets.xcassets in Resources */,
			);
			runOnlyForDeploymentPostprocessing = 0;
		};
/* End PBXResourcesBuildPhase section */

/* Begin PBXSourcesBuildPhase section */
		E41D2B172A8FD3AA004C917D /* Sources */ = {
			isa = PBXSourcesBuildPhase;
			buildActionMask = 2147483647;
			files = (
				E41B98342A91C71F00E3544A /* ChatViewController+Attachment.swift in Sources */,
				E41D2B662A8FD419004C917D /* UIView+Extensions.swift in Sources */,
				E49FC23A2A9051370016F309 /* ChatMessageContent.swift in Sources */,
				E4D3AE572A92E86600208684 /* ManageStickerCell.swift in Sources */,
				E41D2B5F2A8FD419004C917D /* Icons.swift in Sources */,
				E49FC2362A9029190016F309 /* ChatMessage.swift in Sources */,
				E41D2BA02A8FD552004C917D /* ChatViewController.swift in Sources */,
				E41D2B8C2A8FD41E004C917D /* MainTabBarController.swift in Sources */,
				E41D2B9A2A8FD4E7004C917D /* VideoPlayerViewController.swift in Sources */,
				E41D2B8D2A8FD41E004C917D /* Base.swift in Sources */,
				E41D2B872A8FD41E004C917D /* HomeViewController.swift in Sources */,
				E41D2B572A8FD419004C917D /* RoundButton.swift in Sources */,
				E41B98322A91C0B900E3544A /* ChatViewController+Keyboard.swift in Sources */,
				E41D2B612A8FD419004C917D /* YearMonthDay.swift in Sources */,
				E41B98382A91C7FD00E3544A /* ChatSendButton.swift in Sources */,
				E453E82B2A912DB800C2D615 /* StickerInputView.swift in Sources */,
				E41D2B5C2A8FD419004C917D /* Constants.swift in Sources */,
				E41D2B5D2A8FD419004C917D /* DateFormat.swift in Sources */,
				E41D2B9C2A8FD501004C917D /* NewConversationViewController.swift in Sources */,
				E4D3AE532A92B07900208684 /* LocationPickerViewController.swift in Sources */,
				E453E82F2A91349600C2D615 /* ChatMessageSticker.swift in Sources */,
				E41D2B552A8FD419004C917D /* Coordinator.swift in Sources */,
				E49FC2342A90286E0016F309 /* Chat.swift in Sources */,
				E41D2B642A8FD419004C917D /* UIViewController+Extensions.swift in Sources */,
				E41D2B692A8FD419004C917D /* UIStack+RemoveAll.swift in Sources */,
				E49FC23C2A9052F20016F309 /* UserManager.swift in Sources */,
				E41D2B542A8FD419004C917D /* AppCoordinator.swift in Sources */,
				E49FC2172A8FF3670016F309 /* Message.swift in Sources */,
				E41D2B1F2A8FD3AA004C917D /* AppDelegate.swift in Sources */,
				E41D2B6C2A8FD419004C917D /* Date+Extensions.swift in Sources */,
				E41D2B652A8FD419004C917D /* UIImageView+loadImageUsingURL.swift in Sources */,
				E41D2BA22A8FD565004C917D /* ChatViewModel.swift in Sources */,
				E4D3AE502A9277ED00208684 /* ChatTheme.swift in Sources */,
				E41B983C2A9264F600E3544A /* CacheManager.swift in Sources */,
				E49FC2382A9051280016F309 /* ChatMessageType.swift in Sources */,
				E41D2B862A8FD41E004C917D /* HomeViewModel.swift in Sources */,
				E41D2B5A2A8FD419004C917D /* BaseCell.swift in Sources */,
				E4D3AE552A92E7B300208684 /* ManageStickerPackViewController.swift in Sources */,
				E41D2B672A8FD419004C917D /* String+Extensions.swift in Sources */,
				E41D2B982A8FD4DE004C917D /* PhotoViewerViewController.swift in Sources */,
				E41D2BAF2A8FD61D004C917D /* LoginViewModel.swift in Sources */,
				E41D2B592A8FD419004C917D /* TextButton.swift in Sources */,
				E41B983A2A925FF500E3544A /* DatabaseManager+Stickers.swift in Sources */,
				E41D2B602A8FD419004C917D /* YearMonth.swift in Sources */,
				E4D3AE4C2A926AAE00208684 /* StickerInputViewHeaderCell.swift in Sources */,
				E41D2B6B2A8FD419004C917D /* UUID+Extensions.swift in Sources */,
				E49FC1EF2A8FE8570016F309 /* DatabaseManager.swift in Sources */,
				E41D2B562A8FD419004C917D /* IconButton.swift in Sources */,
				E49FC21D2A901F0F0016F309 /* NewConversationViewModel.swift in Sources */,
				E41D2B962A8FD4C6004C917D /* LoginViewController.swift in Sources */,
				E4D3AE4E2A92731700208684 /* ChatInputBar.swift in Sources */,
				E49FC2192A900C540016F309 /* StorageManager.swift in Sources */,
				E41D2B632A8FD419004C917D /* ViewController.swift in Sources */,
				E41D2B6A2A8FD419004C917D /* UINavigationController+Extensions.swift in Sources */,
				E41D2B5B2A8FD419004C917D /* ErrorHandler.swift in Sources */,
				E49FC21B2A901A9C0016F309 /* ChatUser.swift in Sources */,
				E41D2B622A8FD419004C917D /* Enum.swift in Sources */,
				E453E8312A91355800C2D615 /* StickerInputViewContentCell.swift in Sources */,
				E41D2B852A8FD41E004C917D /* ProfileViewController.swift in Sources */,
				E41D2B5E2A8FD419004C917D /* UIFont+Theme.swift in Sources */,
				E41D2B582A8FD419004C917D /* CircleView.swift in Sources */,
				E41B98362A91C74E00E3544A /* ChatAddAttachmentButton.swift in Sources */,
				E453E82D2A912F8600C2D615 /* ChatInputTextField.swift in Sources */,
				E41D2B682A8FD419004C917D /* UIColor+Extensions.swift in Sources */,
				E41D2B212A8FD3AA004C917D /* SceneDelegate.swift in Sources */,
				E49FC23E2A9057B60016F309 /* ChatPreviewCell.swift in Sources */,
				E41D2B842A8FD41E004C917D /* ProfileViewModel.swift in Sources */,
			);
			runOnlyForDeploymentPostprocessing = 0;
		};
/* End PBXSourcesBuildPhase section */

/* Begin PBXVariantGroup section */
		E41D2B292A8FD3AB004C917D /* LaunchScreen.storyboard */ = {
			isa = PBXVariantGroup;
			children = (
				E41D2B2A2A8FD3AB004C917D /* Base */,
			);
			name = LaunchScreen.storyboard;
			sourceTree = "<group>";
		};
/* End PBXVariantGroup section */

/* Begin XCBuildConfiguration section */
		E41D2B2D2A8FD3AB004C917D /* Debug */ = {
			isa = XCBuildConfiguration;
			buildSettings = {
				ALWAYS_SEARCH_USER_PATHS = NO;
				CLANG_ANALYZER_NONNULL = YES;
				CLANG_ANALYZER_NUMBER_OBJECT_CONVERSION = YES_AGGRESSIVE;
				CLANG_CXX_LANGUAGE_STANDARD = "gnu++20";
				CLANG_ENABLE_MODULES = YES;
				CLANG_ENABLE_OBJC_ARC = YES;
				CLANG_ENABLE_OBJC_WEAK = YES;
				CLANG_WARN_BLOCK_CAPTURE_AUTORELEASING = YES;
				CLANG_WARN_BOOL_CONVERSION = YES;
				CLANG_WARN_COMMA = YES;
				CLANG_WARN_CONSTANT_CONVERSION = YES;
				CLANG_WARN_DEPRECATED_OBJC_IMPLEMENTATIONS = YES;
				CLANG_WARN_DIRECT_OBJC_ISA_USAGE = YES_ERROR;
				CLANG_WARN_DOCUMENTATION_COMMENTS = YES;
				CLANG_WARN_EMPTY_BODY = YES;
				CLANG_WARN_ENUM_CONVERSION = YES;
				CLANG_WARN_INFINITE_RECURSION = YES;
				CLANG_WARN_INT_CONVERSION = YES;
				CLANG_WARN_NON_LITERAL_NULL_CONVERSION = YES;
				CLANG_WARN_OBJC_IMPLICIT_RETAIN_SELF = YES;
				CLANG_WARN_OBJC_LITERAL_CONVERSION = YES;
				CLANG_WARN_OBJC_ROOT_CLASS = YES_ERROR;
				CLANG_WARN_QUOTED_INCLUDE_IN_FRAMEWORK_HEADER = YES;
				CLANG_WARN_RANGE_LOOP_ANALYSIS = YES;
				CLANG_WARN_STRICT_PROTOTYPES = YES;
				CLANG_WARN_SUSPICIOUS_MOVE = YES;
				CLANG_WARN_UNGUARDED_AVAILABILITY = YES_AGGRESSIVE;
				CLANG_WARN_UNREACHABLE_CODE = YES;
				CLANG_WARN__DUPLICATE_METHOD_MATCH = YES;
				COPY_PHASE_STRIP = NO;
				DEBUG_INFORMATION_FORMAT = dwarf;
				ENABLE_STRICT_OBJC_MSGSEND = YES;
				ENABLE_TESTABILITY = YES;
				GCC_C_LANGUAGE_STANDARD = gnu11;
				GCC_DYNAMIC_NO_PIC = NO;
				GCC_NO_COMMON_BLOCKS = YES;
				GCC_OPTIMIZATION_LEVEL = 0;
				GCC_PREPROCESSOR_DEFINITIONS = (
					"DEBUG=1",
					"$(inherited)",
				);
				GCC_WARN_64_TO_32_BIT_CONVERSION = YES;
				GCC_WARN_ABOUT_RETURN_TYPE = YES_ERROR;
				GCC_WARN_UNDECLARED_SELECTOR = YES;
				GCC_WARN_UNINITIALIZED_AUTOS = YES_AGGRESSIVE;
				GCC_WARN_UNUSED_FUNCTION = YES;
				GCC_WARN_UNUSED_VARIABLE = YES;
				IPHONEOS_DEPLOYMENT_TARGET = 16.4;
				MTL_ENABLE_DEBUG_INFO = INCLUDE_SOURCE;
				MTL_FAST_MATH = YES;
				ONLY_ACTIVE_ARCH = YES;
				SDKROOT = iphoneos;
				SWIFT_ACTIVE_COMPILATION_CONDITIONS = DEBUG;
				SWIFT_OPTIMIZATION_LEVEL = "-Onone";
			};
			name = Debug;
		};
		E41D2B2E2A8FD3AB004C917D /* Release */ = {
			isa = XCBuildConfiguration;
			buildSettings = {
				ALWAYS_SEARCH_USER_PATHS = NO;
				CLANG_ANALYZER_NONNULL = YES;
				CLANG_ANALYZER_NUMBER_OBJECT_CONVERSION = YES_AGGRESSIVE;
				CLANG_CXX_LANGUAGE_STANDARD = "gnu++20";
				CLANG_ENABLE_MODULES = YES;
				CLANG_ENABLE_OBJC_ARC = YES;
				CLANG_ENABLE_OBJC_WEAK = YES;
				CLANG_WARN_BLOCK_CAPTURE_AUTORELEASING = YES;
				CLANG_WARN_BOOL_CONVERSION = YES;
				CLANG_WARN_COMMA = YES;
				CLANG_WARN_CONSTANT_CONVERSION = YES;
				CLANG_WARN_DEPRECATED_OBJC_IMPLEMENTATIONS = YES;
				CLANG_WARN_DIRECT_OBJC_ISA_USAGE = YES_ERROR;
				CLANG_WARN_DOCUMENTATION_COMMENTS = YES;
				CLANG_WARN_EMPTY_BODY = YES;
				CLANG_WARN_ENUM_CONVERSION = YES;
				CLANG_WARN_INFINITE_RECURSION = YES;
				CLANG_WARN_INT_CONVERSION = YES;
				CLANG_WARN_NON_LITERAL_NULL_CONVERSION = YES;
				CLANG_WARN_OBJC_IMPLICIT_RETAIN_SELF = YES;
				CLANG_WARN_OBJC_LITERAL_CONVERSION = YES;
				CLANG_WARN_OBJC_ROOT_CLASS = YES_ERROR;
				CLANG_WARN_QUOTED_INCLUDE_IN_FRAMEWORK_HEADER = YES;
				CLANG_WARN_RANGE_LOOP_ANALYSIS = YES;
				CLANG_WARN_STRICT_PROTOTYPES = YES;
				CLANG_WARN_SUSPICIOUS_MOVE = YES;
				CLANG_WARN_UNGUARDED_AVAILABILITY = YES_AGGRESSIVE;
				CLANG_WARN_UNREACHABLE_CODE = YES;
				CLANG_WARN__DUPLICATE_METHOD_MATCH = YES;
				COPY_PHASE_STRIP = NO;
				DEBUG_INFORMATION_FORMAT = "dwarf-with-dsym";
				ENABLE_NS_ASSERTIONS = NO;
				ENABLE_STRICT_OBJC_MSGSEND = YES;
				GCC_C_LANGUAGE_STANDARD = gnu11;
				GCC_NO_COMMON_BLOCKS = YES;
				GCC_WARN_64_TO_32_BIT_CONVERSION = YES;
				GCC_WARN_ABOUT_RETURN_TYPE = YES_ERROR;
				GCC_WARN_UNDECLARED_SELECTOR = YES;
				GCC_WARN_UNINITIALIZED_AUTOS = YES_AGGRESSIVE;
				GCC_WARN_UNUSED_FUNCTION = YES;
				GCC_WARN_UNUSED_VARIABLE = YES;
				IPHONEOS_DEPLOYMENT_TARGET = 16.4;
				MTL_ENABLE_DEBUG_INFO = NO;
				MTL_FAST_MATH = YES;
				SDKROOT = iphoneos;
				SWIFT_COMPILATION_MODE = wholemodule;
				SWIFT_OPTIMIZATION_LEVEL = "-O";
				VALIDATE_PRODUCT = YES;
			};
			name = Release;
		};
		E41D2B302A8FD3AB004C917D /* Debug */ = {
			isa = XCBuildConfiguration;
			buildSettings = {
				ASSETCATALOG_COMPILER_APPICON_NAME = AppIcon;
				ASSETCATALOG_COMPILER_GLOBAL_ACCENT_COLOR_NAME = AccentColor;
				CODE_SIGN_STYLE = Automatic;
				CURRENT_PROJECT_VERSION = 1;
				DEVELOPMENT_TEAM = Q83M63VYW4;
				GENERATE_INFOPLIST_FILE = YES;
				INFOPLIST_FILE = Talk2Meee/Info.plist;
				INFOPLIST_KEY_UIApplicationSupportsIndirectInputEvents = YES;
				INFOPLIST_KEY_UILaunchStoryboardName = LaunchScreen;
				INFOPLIST_KEY_UISupportedInterfaceOrientations = "UIInterfaceOrientationLandscapeLeft UIInterfaceOrientationLandscapeRight UIInterfaceOrientationPortrait";
				INFOPLIST_KEY_UISupportedInterfaceOrientations_iPad = "UIInterfaceOrientationLandscapeLeft UIInterfaceOrientationLandscapeRight UIInterfaceOrientationPortrait UIInterfaceOrientationPortraitUpsideDown";
				LD_RUNPATH_SEARCH_PATHS = (
					"$(inherited)",
					"@executable_path/Frameworks",
				);
				MARKETING_VERSION = 1.0;
				PRODUCT_BUNDLE_IDENTIFIER = com.muhuiyu.Talk2Meee;
				PRODUCT_NAME = "$(TARGET_NAME)";
				SWIFT_EMIT_LOC_STRINGS = YES;
				SWIFT_VERSION = 5.0;
				TARGETED_DEVICE_FAMILY = "1,2";
			};
			name = Debug;
		};
		E41D2B312A8FD3AB004C917D /* Release */ = {
			isa = XCBuildConfiguration;
			buildSettings = {
				ASSETCATALOG_COMPILER_APPICON_NAME = AppIcon;
				ASSETCATALOG_COMPILER_GLOBAL_ACCENT_COLOR_NAME = AccentColor;
				CODE_SIGN_STYLE = Automatic;
				CURRENT_PROJECT_VERSION = 1;
				DEVELOPMENT_TEAM = Q83M63VYW4;
				GENERATE_INFOPLIST_FILE = YES;
				INFOPLIST_FILE = Talk2Meee/Info.plist;
				INFOPLIST_KEY_UIApplicationSupportsIndirectInputEvents = YES;
				INFOPLIST_KEY_UILaunchStoryboardName = LaunchScreen;
				INFOPLIST_KEY_UISupportedInterfaceOrientations = "UIInterfaceOrientationLandscapeLeft UIInterfaceOrientationLandscapeRight UIInterfaceOrientationPortrait";
				INFOPLIST_KEY_UISupportedInterfaceOrientations_iPad = "UIInterfaceOrientationLandscapeLeft UIInterfaceOrientationLandscapeRight UIInterfaceOrientationPortrait UIInterfaceOrientationPortraitUpsideDown";
				LD_RUNPATH_SEARCH_PATHS = (
					"$(inherited)",
					"@executable_path/Frameworks",
				);
				MARKETING_VERSION = 1.0;
				PRODUCT_BUNDLE_IDENTIFIER = com.muhuiyu.Talk2Meee;
				PRODUCT_NAME = "$(TARGET_NAME)";
				SWIFT_EMIT_LOC_STRINGS = YES;
				SWIFT_VERSION = 5.0;
				TARGETED_DEVICE_FAMILY = "1,2";
			};
			name = Release;
		};
/* End XCBuildConfiguration section */

/* Begin XCConfigurationList section */
		E41D2B162A8FD3AA004C917D /* Build configuration list for PBXProject "Talk2Meee" */ = {
			isa = XCConfigurationList;
			buildConfigurations = (
				E41D2B2D2A8FD3AB004C917D /* Debug */,
				E41D2B2E2A8FD3AB004C917D /* Release */,
			);
			defaultConfigurationIsVisible = 0;
			defaultConfigurationName = Release;
		};
		E41D2B2F2A8FD3AB004C917D /* Build configuration list for PBXNativeTarget "Talk2Meee" */ = {
			isa = XCConfigurationList;
			buildConfigurations = (
				E41D2B302A8FD3AB004C917D /* Debug */,
				E41D2B312A8FD3AB004C917D /* Release */,
			);
			defaultConfigurationIsVisible = 0;
			defaultConfigurationName = Release;
		};
/* End XCConfigurationList section */

/* Begin XCRemoteSwiftPackageReference section */
		E41D2BA32A8FD5AC004C917D /* XCRemoteSwiftPackageReference "SnapKit" */ = {
			isa = XCRemoteSwiftPackageReference;
			repositoryURL = "https://github.com/SnapKit/SnapKit";
			requirement = {
				kind = upToNextMajorVersion;
				minimumVersion = 5.0.0;
			};
		};
		E41D2BA62A8FD5B9004C917D /* XCRemoteSwiftPackageReference "RxSwift" */ = {
			isa = XCRemoteSwiftPackageReference;
			repositoryURL = "https://github.com/ReactiveX/RxSwift";
			requirement = {
				kind = upToNextMajorVersion;
				minimumVersion = 6.0.0;
			};
		};
		E49FC1F02A8FE87A0016F309 /* XCRemoteSwiftPackageReference "GoogleSignIn-iOS" */ = {
			isa = XCRemoteSwiftPackageReference;
			repositoryURL = "https://github.com/google/GoogleSignIn-iOS";
			requirement = {
				kind = upToNextMajorVersion;
				minimumVersion = 7.0.0;
			};
		};
		E49FC2082A8FED6E0016F309 /* XCRemoteSwiftPackageReference "MessageKit" */ = {
			isa = XCRemoteSwiftPackageReference;
			repositoryURL = "https://github.com/MessageKit/MessageKit";
			requirement = {
				kind = upToNextMajorVersion;
				minimumVersion = 4.0.0;
			};
		};
		E49FC20B2A8FED800016F309 /* XCRemoteSwiftPackageReference "JGProgressHUD" */ = {
			isa = XCRemoteSwiftPackageReference;
			repositoryURL = "https://github.com/JonasGessner/JGProgressHUD";
			requirement = {
				kind = upToNextMajorVersion;
				minimumVersion = 2.0.0;
			};
		};
		E49FC20E2A8FEDF30016F309 /* XCRemoteSwiftPackageReference "realm-swift" */ = {
			isa = XCRemoteSwiftPackageReference;
			repositoryURL = "https://github.com/realm/realm-swift";
			requirement = {
				branch = master;
				kind = branch;
			};
		};
		E49FC2132A8FEE230016F309 /* XCRemoteSwiftPackageReference "Kingfisher" */ = {
			isa = XCRemoteSwiftPackageReference;
			repositoryURL = "https://github.com/onevcat/Kingfisher";
			requirement = {
				kind = upToNextMajorVersion;
				minimumVersion = 7.0.0;
			};
		};
		E49FC21E2A9021A90016F309 /* XCRemoteSwiftPackageReference "firebase-ios-sdk" */ = {
			isa = XCRemoteSwiftPackageReference;
			repositoryURL = "https://github.com/firebase/firebase-ios-sdk";
			requirement = {
				kind = upToNextMajorVersion;
				minimumVersion = 10.0.0;
			};
		};
/* End XCRemoteSwiftPackageReference section */

/* Begin XCSwiftPackageProductDependency section */
		E41D2BA42A8FD5AC004C917D /* SnapKit */ = {
			isa = XCSwiftPackageProductDependency;
			package = E41D2BA32A8FD5AC004C917D /* XCRemoteSwiftPackageReference "SnapKit" */;
			productName = SnapKit;
		};
		E41D2BA72A8FD5B9004C917D /* RxCocoa */ = {
			isa = XCSwiftPackageProductDependency;
			package = E41D2BA62A8FD5B9004C917D /* XCRemoteSwiftPackageReference "RxSwift" */;
			productName = RxCocoa;
		};
		E41D2BA92A8FD5B9004C917D /* RxRelay */ = {
			isa = XCSwiftPackageProductDependency;
			package = E41D2BA62A8FD5B9004C917D /* XCRemoteSwiftPackageReference "RxSwift" */;
			productName = RxRelay;
		};
		E41D2BAB2A8FD5B9004C917D /* RxSwift */ = {
			isa = XCSwiftPackageProductDependency;
			package = E41D2BA62A8FD5B9004C917D /* XCRemoteSwiftPackageReference "RxSwift" */;
			productName = RxSwift;
		};
		E49FC1F12A8FE87A0016F309 /* GoogleSignIn */ = {
			isa = XCSwiftPackageProductDependency;
			package = E49FC1F02A8FE87A0016F309 /* XCRemoteSwiftPackageReference "GoogleSignIn-iOS" */;
			productName = GoogleSignIn;
		};
		E49FC1F32A8FE87A0016F309 /* GoogleSignInSwift */ = {
			isa = XCSwiftPackageProductDependency;
			package = E49FC1F02A8FE87A0016F309 /* XCRemoteSwiftPackageReference "GoogleSignIn-iOS" */;
			productName = GoogleSignInSwift;
		};
		E49FC2092A8FED6F0016F309 /* MessageKit */ = {
			isa = XCSwiftPackageProductDependency;
			package = E49FC2082A8FED6E0016F309 /* XCRemoteSwiftPackageReference "MessageKit" */;
			productName = MessageKit;
		};
		E49FC20C2A8FED800016F309 /* JGProgressHUD */ = {
			isa = XCSwiftPackageProductDependency;
			package = E49FC20B2A8FED800016F309 /* XCRemoteSwiftPackageReference "JGProgressHUD" */;
			productName = JGProgressHUD;
		};
		E49FC20F2A8FEDF30016F309 /* Realm */ = {
			isa = XCSwiftPackageProductDependency;
			package = E49FC20E2A8FEDF30016F309 /* XCRemoteSwiftPackageReference "realm-swift" */;
			productName = Realm;
		};
		E49FC2112A8FEDF30016F309 /* RealmSwift */ = {
			isa = XCSwiftPackageProductDependency;
			package = E49FC20E2A8FEDF30016F309 /* XCRemoteSwiftPackageReference "realm-swift" */;
			productName = RealmSwift;
		};
		E49FC2142A8FEE230016F309 /* Kingfisher */ = {
			isa = XCSwiftPackageProductDependency;
			package = E49FC2132A8FEE230016F309 /* XCRemoteSwiftPackageReference "Kingfisher" */;
			productName = Kingfisher;
		};
		E49FC21F2A9021A90016F309 /* FirebaseAnalytics */ = {
			isa = XCSwiftPackageProductDependency;
			package = E49FC21E2A9021A90016F309 /* XCRemoteSwiftPackageReference "firebase-ios-sdk" */;
			productName = FirebaseAnalytics;
		};
		E49FC2212A9021A90016F309 /* FirebaseAnalyticsSwift */ = {
			isa = XCSwiftPackageProductDependency;
			package = E49FC21E2A9021A90016F309 /* XCRemoteSwiftPackageReference "firebase-ios-sdk" */;
			productName = FirebaseAnalyticsSwift;
		};
		E49FC2232A9021A90016F309 /* FirebaseAuth */ = {
			isa = XCSwiftPackageProductDependency;
			package = E49FC21E2A9021A90016F309 /* XCRemoteSwiftPackageReference "firebase-ios-sdk" */;
			productName = FirebaseAuth;
		};
		E49FC2252A9021A90016F309 /* FirebaseAuthCombine-Community */ = {
			isa = XCSwiftPackageProductDependency;
			package = E49FC21E2A9021A90016F309 /* XCRemoteSwiftPackageReference "firebase-ios-sdk" */;
			productName = "FirebaseAuthCombine-Community";
		};
		E49FC2272A9021A90016F309 /* FirebaseFirestore */ = {
			isa = XCSwiftPackageProductDependency;
			package = E49FC21E2A9021A90016F309 /* XCRemoteSwiftPackageReference "firebase-ios-sdk" */;
			productName = FirebaseFirestore;
		};
		E49FC2292A9021A90016F309 /* FirebaseFirestoreCombine-Community */ = {
			isa = XCSwiftPackageProductDependency;
			package = E49FC21E2A9021A90016F309 /* XCRemoteSwiftPackageReference "firebase-ios-sdk" */;
			productName = "FirebaseFirestoreCombine-Community";
		};
		E49FC22B2A9021A90016F309 /* FirebaseFirestoreSwift */ = {
			isa = XCSwiftPackageProductDependency;
			package = E49FC21E2A9021A90016F309 /* XCRemoteSwiftPackageReference "firebase-ios-sdk" */;
			productName = FirebaseFirestoreSwift;
		};
		E49FC22D2A9021A90016F309 /* FirebaseMessaging */ = {
			isa = XCSwiftPackageProductDependency;
			package = E49FC21E2A9021A90016F309 /* XCRemoteSwiftPackageReference "firebase-ios-sdk" */;
			productName = FirebaseMessaging;
		};
		E49FC22F2A9021A90016F309 /* FirebaseStorage */ = {
			isa = XCSwiftPackageProductDependency;
			package = E49FC21E2A9021A90016F309 /* XCRemoteSwiftPackageReference "firebase-ios-sdk" */;
			productName = FirebaseStorage;
		};
		E49FC2312A9021A90016F309 /* FirebaseStorageCombine-Community */ = {
			isa = XCSwiftPackageProductDependency;
			package = E49FC21E2A9021A90016F309 /* XCRemoteSwiftPackageReference "firebase-ios-sdk" */;
			productName = "FirebaseStorageCombine-Community";
		};
/* End XCSwiftPackageProductDependency section */
	};
	rootObject = E41D2B132A8FD3AA004C917D /* Project object */;
}
